// !$*UTF8*$!
{
	archiveVersion = 1;
	classes = {
	};
	objectVersion = 46;
	objects = {

/* Begin PBXBuildFile section */
		AD80FA981E4F1EC200E8C554 /* AppDelegate.swift in Sources */ = {isa = PBXBuildFile; fileRef = AD80FA971E4F1EC200E8C554 /* AppDelegate.swift */; };
		AD80FA9A1E4F1EC200E8C554 /* ViewController.swift in Sources */ = {isa = PBXBuildFile; fileRef = AD80FA991E4F1EC200E8C554 /* ViewController.swift */; };
		AD80FA9D1E4F1EC200E8C554 /* Main.storyboard in Resources */ = {isa = PBXBuildFile; fileRef = AD80FA9B1E4F1EC200E8C554 /* Main.storyboard */; };
		AD80FA9F1E4F1EC200E8C554 /* Assets.xcassets in Resources */ = {isa = PBXBuildFile; fileRef = AD80FA9E1E4F1EC200E8C554 /* Assets.xcassets */; };
		AD80FAA71E4F211E00E8C554 /* Alamofire.framework in Frameworks */ = {isa = PBXBuildFile; fileRef = AD80FAA61E4F211E00E8C554 /* Alamofire.framework */; };
		AD80FAA91E4F213100E8C554 /* NetworkAdapter.swift in Sources */ = {isa = PBXBuildFile; fileRef = AD80FAA81E4F213100E8C554 /* NetworkAdapter.swift */; };
		AD80FAAB1E4F23C800E8C554 /* Alamofire.framework in Embed Frameworks */ = {isa = PBXBuildFile; fileRef = AD80FAA61E4F211E00E8C554 /* Alamofire.framework */; settings = {ATTRIBUTES = (CodeSignOnCopy, RemoveHeadersOnCopy, ); }; };
		AD80FAB11E4F26F800E8C554 /* Kanna.framework in Frameworks */ = {isa = PBXBuildFile; fileRef = AD80FAAD1E4F26F800E8C554 /* Kanna.framework */; };
		AD80FAB21E4F26F800E8C554 /* Kanna.framework in Embed Frameworks */ = {isa = PBXBuildFile; fileRef = AD80FAAD1E4F26F800E8C554 /* Kanna.framework */; settings = {ATTRIBUTES = (CodeSignOnCopy, RemoveHeadersOnCopy, ); }; };
		AD80FAB31E4F26F800E8C554 /* RxCocoa.framework in Frameworks */ = {isa = PBXBuildFile; fileRef = AD80FAAE1E4F26F800E8C554 /* RxCocoa.framework */; };
		AD80FAB41E4F26F800E8C554 /* RxCocoa.framework in Embed Frameworks */ = {isa = PBXBuildFile; fileRef = AD80FAAE1E4F26F800E8C554 /* RxCocoa.framework */; settings = {ATTRIBUTES = (CodeSignOnCopy, RemoveHeadersOnCopy, ); }; };
		AD80FAB51E4F26F800E8C554 /* RxSwift.framework in Frameworks */ = {isa = PBXBuildFile; fileRef = AD80FAAF1E4F26F800E8C554 /* RxSwift.framework */; };
		AD80FAB61E4F26F800E8C554 /* RxSwift.framework in Embed Frameworks */ = {isa = PBXBuildFile; fileRef = AD80FAAF1E4F26F800E8C554 /* RxSwift.framework */; settings = {ATTRIBUTES = (CodeSignOnCopy, RemoveHeadersOnCopy, ); }; };
		AD80FAB71E4F26F800E8C554 /* RxBlocking.framework in Frameworks */ = {isa = PBXBuildFile; fileRef = AD80FAB01E4F26F800E8C554 /* RxBlocking.framework */; };
		AD80FAB81E4F26F800E8C554 /* RxBlocking.framework in Embed Frameworks */ = {isa = PBXBuildFile; fileRef = AD80FAB01E4F26F800E8C554 /* RxBlocking.framework */; settings = {ATTRIBUTES = (CodeSignOnCopy, RemoveHeadersOnCopy, ); }; };
		AD80FABC1E4F871F00E8C554 /* libxml2.tbd in Frameworks */ = {isa = PBXBuildFile; fileRef = AD80FABB1E4F871F00E8C554 /* libxml2.tbd */; };
		AD80FAC01E4FAD6200E8C554 /* MovieInfo.swift in Sources */ = {isa = PBXBuildFile; fileRef = AD80FABF1E4FAD6200E8C554 /* MovieInfo.swift */; };
/* End PBXBuildFile section */

/* Begin PBXCopyFilesBuildPhase section */
		AD80FAAC1E4F23C800E8C554 /* Embed Frameworks */ = {
			isa = PBXCopyFilesBuildPhase;
			buildActionMask = 2147483647;
			dstPath = "";
			dstSubfolderSpec = 10;
			files = (
				AD80FAB61E4F26F800E8C554 /* RxSwift.framework in Embed Frameworks */,
				AD80FAB81E4F26F800E8C554 /* RxBlocking.framework in Embed Frameworks */,
				AD80FAB41E4F26F800E8C554 /* RxCocoa.framework in Embed Frameworks */,
				AD80FAB21E4F26F800E8C554 /* Kanna.framework in Embed Frameworks */,
				AD80FAAB1E4F23C800E8C554 /* Alamofire.framework in Embed Frameworks */,
			);
			name = "Embed Frameworks";
			runOnlyForDeploymentPostprocessing = 0;
		};
/* End PBXCopyFilesBuildPhase section */

/* Begin PBXFileReference section */
		AD80FA941E4F1EC200E8C554 /* Yasaka-Kanako.app */ = {isa = PBXFileReference; explicitFileType = wrapper.application; includeInIndex = 0; path = "Yasaka-Kanako.app"; sourceTree = BUILT_PRODUCTS_DIR; };
		AD80FA971E4F1EC200E8C554 /* AppDelegate.swift */ = {isa = PBXFileReference; lastKnownFileType = sourcecode.swift; path = AppDelegate.swift; sourceTree = "<group>"; };
		AD80FA991E4F1EC200E8C554 /* ViewController.swift */ = {isa = PBXFileReference; lastKnownFileType = sourcecode.swift; path = ViewController.swift; sourceTree = "<group>"; };
		AD80FA9C1E4F1EC200E8C554 /* Base */ = {isa = PBXFileReference; lastKnownFileType = file.storyboard; name = Base; path = Base.lproj/Main.storyboard; sourceTree = "<group>"; };
		AD80FA9E1E4F1EC200E8C554 /* Assets.xcassets */ = {isa = PBXFileReference; lastKnownFileType = folder.assetcatalog; path = Assets.xcassets; sourceTree = "<group>"; };
		AD80FAA01E4F1EC200E8C554 /* Info.plist */ = {isa = PBXFileReference; lastKnownFileType = text.plist.xml; path = Info.plist; sourceTree = "<group>"; };
		AD80FAA61E4F211E00E8C554 /* Alamofire.framework */ = {isa = PBXFileReference; lastKnownFileType = wrapper.framework; name = Alamofire.framework; path = Carthage/Build/tvOS/Alamofire.framework; sourceTree = SOURCE_ROOT; };
		AD80FAA81E4F213100E8C554 /* NetworkAdapter.swift */ = {isa = PBXFileReference; fileEncoding = 4; lastKnownFileType = sourcecode.swift; path = NetworkAdapter.swift; sourceTree = "<group>"; };
		AD80FAAD1E4F26F800E8C554 /* Kanna.framework */ = {isa = PBXFileReference; lastKnownFileType = wrapper.framework; name = Kanna.framework; path = ../Carthage/Build/tvOS/Kanna.framework; sourceTree = "<group>"; };
		AD80FAAE1E4F26F800E8C554 /* RxCocoa.framework */ = {isa = PBXFileReference; lastKnownFileType = wrapper.framework; name = RxCocoa.framework; path = ../Carthage/Build/tvOS/RxCocoa.framework; sourceTree = "<group>"; };
		AD80FAAF1E4F26F800E8C554 /* RxSwift.framework */ = {isa = PBXFileReference; lastKnownFileType = wrapper.framework; name = RxSwift.framework; path = ../Carthage/Build/tvOS/RxSwift.framework; sourceTree = "<group>"; };
		AD80FAB01E4F26F800E8C554 /* RxBlocking.framework */ = {isa = PBXFileReference; lastKnownFileType = wrapper.framework; name = RxBlocking.framework; path = ../Carthage/Build/tvOS/RxBlocking.framework; sourceTree = "<group>"; };
		AD80FABB1E4F871F00E8C554 /* libxml2.tbd */ = {isa = PBXFileReference; lastKnownFileType = "sourcecode.text-based-dylib-definition"; name = libxml2.tbd; path = usr/lib/libxml2.tbd; sourceTree = SDKROOT; };
		AD80FABD1E4F873900E8C554 /* libxml2.2.tbd */ = {isa = PBXFileReference; lastKnownFileType = "sourcecode.text-based-dylib-definition"; name = libxml2.2.tbd; path = usr/lib/libxml2.2.tbd; sourceTree = SDKROOT; };
		AD80FABF1E4FAD6200E8C554 /* MovieInfo.swift */ = {isa = PBXFileReference; fileEncoding = 4; lastKnownFileType = sourcecode.swift; path = MovieInfo.swift; sourceTree = "<group>"; };
/* End PBXFileReference section */

/* Begin PBXFrameworksBuildPhase section */
		AD80FA911E4F1EC200E8C554 /* Frameworks */ = {
			isa = PBXFrameworksBuildPhase;
			buildActionMask = 2147483647;
			files = (
				AD80FABC1E4F871F00E8C554 /* libxml2.tbd in Frameworks */,
				AD80FAB51E4F26F800E8C554 /* RxSwift.framework in Frameworks */,
				AD80FAB71E4F26F800E8C554 /* RxBlocking.framework in Frameworks */,
				AD80FAB31E4F26F800E8C554 /* RxCocoa.framework in Frameworks */,
				AD80FAB11E4F26F800E8C554 /* Kanna.framework in Frameworks */,
				AD80FAA71E4F211E00E8C554 /* Alamofire.framework in Frameworks */,
			);
			runOnlyForDeploymentPostprocessing = 0;
		};
/* End PBXFrameworksBuildPhase section */

/* Begin PBXGroup section */
		AD80FA8B1E4F1EC200E8C554 = {
			isa = PBXGroup;
			children = (
				AD80FA961E4F1EC200E8C554 /* Yasaka-Kanako */,
				AD80FA951E4F1EC200E8C554 /* Products */,
				AD80FABA1E4F871F00E8C554 /* Frameworks */,
			);
			sourceTree = "<group>";
		};
		AD80FA951E4F1EC200E8C554 /* Products */ = {
			isa = PBXGroup;
			children = (
				AD80FA941E4F1EC200E8C554 /* Yasaka-Kanako.app */,
			);
			name = Products;
			sourceTree = "<group>";
		};
		AD80FA961E4F1EC200E8C554 /* Yasaka-Kanako */ = {
			isa = PBXGroup;
			children = (
				AD80FAB91E4F270100E8C554 /* Frameworks */,
				AD80FA971E4F1EC200E8C554 /* AppDelegate.swift */,
				AD80FA991E4F1EC200E8C554 /* ViewController.swift */,
				AD80FAA81E4F213100E8C554 /* NetworkAdapter.swift */,
				AD80FA9B1E4F1EC200E8C554 /* Main.storyboard */,
				AD80FA9E1E4F1EC200E8C554 /* Assets.xcassets */,
				AD80FAA01E4F1EC200E8C554 /* Info.plist */,
				AD80FABF1E4FAD6200E8C554 /* MovieInfo.swift */,
			);
			path = "Yasaka-Kanako";
			sourceTree = "<group>";
		};
		AD80FAB91E4F270100E8C554 /* Frameworks */ = {
			isa = PBXGroup;
			children = (
				AD80FAAD1E4F26F800E8C554 /* Kanna.framework */,
				AD80FAAE1E4F26F800E8C554 /* RxCocoa.framework */,
				AD80FAAF1E4F26F800E8C554 /* RxSwift.framework */,
				AD80FAB01E4F26F800E8C554 /* RxBlocking.framework */,
				AD80FAA61E4F211E00E8C554 /* Alamofire.framework */,
			);
			name = Frameworks;
			sourceTree = "<group>";
		};
		AD80FABA1E4F871F00E8C554 /* Frameworks */ = {
			isa = PBXGroup;
			children = (
				AD80FABD1E4F873900E8C554 /* libxml2.2.tbd */,
				AD80FABB1E4F871F00E8C554 /* libxml2.tbd */,
			);
			name = Frameworks;
			sourceTree = "<group>";
		};
/* End PBXGroup section */

/* Begin PBXNativeTarget section */
		AD80FA931E4F1EC200E8C554 /* Yasaka-Kanako */ = {
			isa = PBXNativeTarget;
			buildConfigurationList = AD80FAA31E4F1EC200E8C554 /* Build configuration list for PBXNativeTarget "Yasaka-Kanako" */;
			buildPhases = (
				AD80FA901E4F1EC200E8C554 /* Sources */,
				AD80FA911E4F1EC200E8C554 /* Frameworks */,
				AD80FA921E4F1EC200E8C554 /* Resources */,
				AD80FAAC1E4F23C800E8C554 /* Embed Frameworks */,
			);
			buildRules = (
			);
			dependencies = (
			);
			name = "Yasaka-Kanako";
			productName = "Yasaka-Kanako";
			productReference = AD80FA941E4F1EC200E8C554 /* Yasaka-Kanako.app */;
			productType = "com.apple.product-type.application";
		};
/* End PBXNativeTarget section */

/* Begin PBXProject section */
		AD80FA8C1E4F1EC200E8C554 /* Project object */ = {
			isa = PBXProject;
			attributes = {
				LastSwiftUpdateCheck = 0820;
				LastUpgradeCheck = 0820;
				ORGANIZATIONNAME = txx;
				TargetAttributes = {
					AD80FA931E4F1EC200E8C554 = {
						CreatedOnToolsVersion = 8.2.1;
						DevelopmentTeam = JDV57LSM5F;
						ProvisioningStyle = Automatic;
					};
				};
			};
			buildConfigurationList = AD80FA8F1E4F1EC200E8C554 /* Build configuration list for PBXProject "Yasaka-Kanako" */;
			compatibilityVersion = "Xcode 3.2";
			developmentRegion = English;
			hasScannedForEncodings = 0;
			knownRegions = (
				en,
				Base,
			);
			mainGroup = AD80FA8B1E4F1EC200E8C554;
			productRefGroup = AD80FA951E4F1EC200E8C554 /* Products */;
			projectDirPath = "";
			projectRoot = "";
			targets = (
				AD80FA931E4F1EC200E8C554 /* Yasaka-Kanako */,
			);
		};
/* End PBXProject section */

/* Begin PBXResourcesBuildPhase section */
		AD80FA921E4F1EC200E8C554 /* Resources */ = {
			isa = PBXResourcesBuildPhase;
			buildActionMask = 2147483647;
			files = (
				AD80FA9F1E4F1EC200E8C554 /* Assets.xcassets in Resources */,
				AD80FA9D1E4F1EC200E8C554 /* Main.storyboard in Resources */,
			);
			runOnlyForDeploymentPostprocessing = 0;
		};
/* End PBXResourcesBuildPhase section */

/* Begin PBXSourcesBuildPhase section */
		AD80FA901E4F1EC200E8C554 /* Sources */ = {
			isa = PBXSourcesBuildPhase;
			buildActionMask = 2147483647;
			files = (
				AD80FAA91E4F213100E8C554 /* NetworkAdapter.swift in Sources */,
				AD80FA9A1E4F1EC200E8C554 /* ViewController.swift in Sources */,
				AD80FAC01E4FAD6200E8C554 /* MovieInfo.swift in Sources */,
				AD80FA981E4F1EC200E8C554 /* AppDelegate.swift in Sources */,
			);
			runOnlyForDeploymentPostprocessing = 0;
		};
/* End PBXSourcesBuildPhase section */

/* Begin PBXVariantGroup section */
		AD80FA9B1E4F1EC200E8C554 /* Main.storyboard */ = {
			isa = PBXVariantGroup;
			children = (
				AD80FA9C1E4F1EC200E8C554 /* Base */,
			);
			name = Main.storyboard;
			sourceTree = "<group>";
		};
/* End PBXVariantGroup section */

/* Begin XCBuildConfiguration section */
		AD80FAA11E4F1EC200E8C554 /* Debug */ = {
			isa = XCBuildConfiguration;
			buildSettings = {
				ALWAYS_SEARCH_USER_PATHS = NO;
				CLANG_ANALYZER_NONNULL = YES;
				CLANG_CXX_LANGUAGE_STANDARD = "gnu++0x";
				CLANG_CXX_LIBRARY = "libc++";
				CLANG_ENABLE_MODULES = YES;
				CLANG_ENABLE_OBJC_ARC = YES;
				CLANG_WARN_BOOL_CONVERSION = YES;
				CLANG_WARN_CONSTANT_CONVERSION = YES;
				CLANG_WARN_DIRECT_OBJC_ISA_USAGE = YES_ERROR;
				CLANG_WARN_DOCUMENTATION_COMMENTS = YES;
				CLANG_WARN_EMPTY_BODY = YES;
				CLANG_WARN_ENUM_CONVERSION = YES;
				CLANG_WARN_INFINITE_RECURSION = YES;
				CLANG_WARN_INT_CONVERSION = YES;
				CLANG_WARN_OBJC_ROOT_CLASS = YES_ERROR;
				CLANG_WARN_SUSPICIOUS_MOVE = YES;
				CLANG_WARN_UNREACHABLE_CODE = YES;
				CLANG_WARN__DUPLICATE_METHOD_MATCH = YES;
				COPY_PHASE_STRIP = NO;
				DEBUG_INFORMATION_FORMAT = dwarf;
				ENABLE_STRICT_OBJC_MSGSEND = YES;
				ENABLE_TESTABILITY = YES;
				GCC_C_LANGUAGE_STANDARD = gnu99;
				GCC_DYNAMIC_NO_PIC = NO;
				GCC_NO_COMMON_BLOCKS = YES;
				GCC_OPTIMIZATION_LEVEL = 0;
				GCC_PREPROCESSOR_DEFINITIONS = (
					"DEBUG=1",
					"$(inherited)",
				);
				GCC_WARN_64_TO_32_BIT_CONVERSION = YES;
				GCC_WARN_ABOUT_RETURN_TYPE = YES_ERROR;
				GCC_WARN_UNDECLARED_SELECTOR = YES;
				GCC_WARN_UNINITIALIZED_AUTOS = YES_AGGRESSIVE;
				GCC_WARN_UNUSED_FUNCTION = YES;
				GCC_WARN_UNUSED_VARIABLE = YES;
				MTL_ENABLE_DEBUG_INFO = YES;
				ONLY_ACTIVE_ARCH = YES;
				SDKROOT = appletvos;
				SWIFT_ACTIVE_COMPILATION_CONDITIONS = DEBUG;
				SWIFT_OPTIMIZATION_LEVEL = "-Onone";
				TARGETED_DEVICE_FAMILY = 3;
				TVOS_DEPLOYMENT_TARGET = 10.1;
			};
			name = Debug;
		};
		AD80FAA21E4F1EC200E8C554 /* Release */ = {
			isa = XCBuildConfiguration;
			buildSettings = {
				ALWAYS_SEARCH_USER_PATHS = NO;
				CLANG_ANALYZER_NONNULL = YES;
				CLANG_CXX_LANGUAGE_STANDARD = "gnu++0x";
				CLANG_CXX_LIBRARY = "libc++";
				CLANG_ENABLE_MODULES = YES;
				CLANG_ENABLE_OBJC_ARC = YES;
				CLANG_WARN_BOOL_CONVERSION = YES;
				CLANG_WARN_CONSTANT_CONVERSION = YES;
				CLANG_WARN_DIRECT_OBJC_ISA_USAGE = YES_ERROR;
				CLANG_WARN_DOCUMENTATION_COMMENTS = YES;
				CLANG_WARN_EMPTY_BODY = YES;
				CLANG_WARN_ENUM_CONVERSION = YES;
				CLANG_WARN_INFINITE_RECURSION = YES;
				CLANG_WARN_INT_CONVERSION = YES;
				CLANG_WARN_OBJC_ROOT_CLASS = YES_ERROR;
				CLANG_WARN_SUSPICIOUS_MOVE = YES;
				CLANG_WARN_UNREACHABLE_CODE = YES;
				CLANG_WARN__DUPLICATE_METHOD_MATCH = YES;
				COPY_PHASE_STRIP = NO;
				DEBUG_INFORMATION_FORMAT = "dwarf-with-dsym";
				ENABLE_NS_ASSERTIONS = NO;
				ENABLE_STRICT_OBJC_MSGSEND = YES;
				GCC_C_LANGUAGE_STANDARD = gnu99;
				GCC_NO_COMMON_BLOCKS = YES;
				GCC_WARN_64_TO_32_BIT_CONVERSION = YES;
				GCC_WARN_ABOUT_RETURN_TYPE = YES_ERROR;
				GCC_WARN_UNDECLARED_SELECTOR = YES;
				GCC_WARN_UNINITIALIZED_AUTOS = YES_AGGRESSIVE;
				GCC_WARN_UNUSED_FUNCTION = YES;
				GCC_WARN_UNUSED_VARIABLE = YES;
				MTL_ENABLE_DEBUG_INFO = NO;
				SDKROOT = appletvos;
				SWIFT_OPTIMIZATION_LEVEL = "-Owholemodule";
				TARGETED_DEVICE_FAMILY = 3;
				TVOS_DEPLOYMENT_TARGET = 10.1;
				VALIDATE_PRODUCT = YES;
			};
			name = Release;
		};
		AD80FAA41E4F1EC200E8C554 /* Debug */ = {
			isa = XCBuildConfiguration;
			buildSettings = {
				ASSETCATALOG_COMPILER_APPICON_NAME = "App Icon & Top Shelf Image";
				ASSETCATALOG_COMPILER_LAUNCHIMAGE_NAME = LaunchImage;
				DEVELOPMENT_TEAM = JDV57LSM5F;
				FRAMEWORK_SEARCH_PATHS = (
					"$(inherited)",
					"$(PROJECT_DIR)/Carthage/Build/tvOS",
				);
				HEADER_SEARCH_PATHS = "$(SDKROOT)/usr/include/libxml2";
				INFOPLIST_FILE = "Yasaka-Kanako/Info.plist";
				LD_RUNPATH_SEARCH_PATHS = "$(inherited) @executable_path/Frameworks";
				PRODUCT_BUNDLE_IDENTIFIER = "com.liwushuo.Yasaka-Kanako";
				PRODUCT_NAME = "$(TARGET_NAME)";
				SWIFT_VERSION = 3.0;
			};
			name = Debug;
		};
		AD80FAA51E4F1EC200E8C554 /* Release */ = {
			isa = XCBuildConfiguration;
			buildSettings = {
				ASSETCATALOG_COMPILER_APPICON_NAME = "App Icon & Top Shelf Image";
				ASSETCATALOG_COMPILER_LAUNCHIMAGE_NAME = LaunchImage;
				DEVELOPMENT_TEAM = JDV57LSM5F;
				FRAMEWORK_SEARCH_PATHS = (
					"$(inherited)",
					"$(PROJECT_DIR)/Carthage/Build/tvOS",
				);
				HEADER_SEARCH_PATHS = "$(SDKROOT)/usr/include/libxml2";
				INFOPLIST_FILE = "Yasaka-Kanako/Info.plist";
				LD_RUNPATH_SEARCH_PATHS = "$(inherited) @executable_path/Frameworks";
				PRODUCT_BUNDLE_IDENTIFIER = "com.liwushuo.Yasaka-Kanako";
				PRODUCT_NAME = "$(TARGET_NAME)";
				SWIFT_VERSION = 3.0;
			};
			name = Release;
		};
/* End XCBuildConfiguration section */

/* Begin XCConfigurationList section */
		AD80FA8F1E4F1EC200E8C554 /* Build configuration list for PBXProject "Yasaka-Kanako" */ = {
			isa = XCConfigurationList;
			buildConfigurations = (
				AD80FAA11E4F1EC200E8C554 /* Debug */,
				AD80FAA21E4F1EC200E8C554 /* Release */,
			);
			defaultConfigurationIsVisible = 0;
			defaultConfigurationName = Release;
		};
		AD80FAA31E4F1EC200E8C554 /* Build configuration list for PBXNativeTarget "Yasaka-Kanako" */ = {
			isa = XCConfigurationList;
			buildConfigurations = (
				AD80FAA41E4F1EC200E8C554 /* Debug */,
				AD80FAA51E4F1EC200E8C554 /* Release */,
			);
			defaultConfigurationIsVisible = 0;
		};
/* End XCConfigurationList section */
	};
	rootObject = AD80FA8C1E4F1EC200E8C554 /* Project object */;
}
